
Microsoft Visual Studio Solution File, Format Version 12.00
# Visual Studio 15
VisualStudioVersion = 15.0.28307.572
MinimumVisualStudioVersion = 10.0.40219.1
Project("{9A19103F-16F7-4668-BE54-9A1E7A4F7556}") = "MythXL.Func", "MythXL.Func\MythXL.Func.csproj", "{C23AB61F-0DA6-4688-9D46-34D2EAE77087}"
EndProject
Project("{FAE04EC0-301F-11D3-BF4B-00C04F79EFBC}") = "MythXL.Console", "MythXL.Console\MythXL.Console.csproj", "{003A9CE3-DC48-4A95-8EDC-EF2A541CDBF3}"
EndProject
Global
	GlobalSection(SolutionConfigurationPlatforms) = preSolution
		Debug|Any CPU = Debug|Any CPU
		Release|Any CPU = Release|Any CPU
	EndGlobalSection
	GlobalSection(ProjectConfigurationPlatforms) = postSolution
		{C23AB61F-0DA6-4688-9D46-34D2EAE77087}.Debug|Any CPU.ActiveCfg = Debug|Any CPU
		{C23AB61F-0DA6-4688-9D46-34D2EAE77087}.Debug|Any CPU.Build.0 = Debug|Any CPU
		{C23AB61F-0DA6-4688-9D46-34D2EAE77087}.Release|Any CPU.ActiveCfg = Release|Any CPU
		{C23AB61F-0DA6-4688-9D46-34D2EAE77087}.Release|Any CPU.Build.0 = Release|Any CPU
		{003A9CE3-DC48-4A95-8EDC-EF2A541CDBF3}.Debug|Any CPU.ActiveCfg = Debug|Any CPU
		{003A9CE3-DC48-4A95-8EDC-EF2A541CDBF3}.Debug|Any CPU.Build.0 = Debug|Any CPU
		{003A9CE3-DC48-4A95-8EDC-EF2A541CDBF3}.Release|Any CPU.ActiveCfg = Release|Any CPU
		{003A9CE3-DC48-4A95-8EDC-EF2A541CDBF3}.Release|Any CPU.Build.0 = Release|Any CPU
	EndGlobalSection
	GlobalSection(SolutionProperties) = preSolution
		HideSolutionNode = FALSE
	EndGlobalSection
	GlobalSection(ExtensibilityGlobals) = postSolution
		SolutionGuid = {0BB39714-AB5E-4E00-8A3C-B288DBD4D898}
	EndGlobalSection
EndGlobal
